// !$*UTF8*$!
{
	archiveVersion = 1;
	classes = {
	};
	objectVersion = 50;
	objects = {

/* Begin PBXBuildFile section */
		9E7CD9C221B4BF206B94CC38 /* libPods-MajorForumTests.a in Frameworks */ = {isa = PBXBuildFile; fileRef = 6D5DB5CA9B1BFFC1383F25D7 /* libPods-MajorForumTests.a */; };
		A71417EF9029DF840F0129EA /* libPods-MajorForumUITests.a in Frameworks */ = {isa = PBXBuildFile; fileRef = F1707D2B9477983B3F8CC307 /* libPods-MajorForumUITests.a */; };
		D53C0C53928FBD7F57234B7A /* libPods-MajorForum.a in Frameworks */ = {isa = PBXBuildFile; fileRef = B3DBCB3A5EF54E2570D596DA /* libPods-MajorForum.a */; };
		F7CEC0FE2144C44B00BAC9E2 /* Main.storyboard in Resources */ = {isa = PBXBuildFile; fileRef = F7CEC0FC2144C44B00BAC9E2 /* Main.storyboard */; };
		F7CEC1032144C44C00BAC9E2 /* LaunchScreen.storyboard in Resources */ = {isa = PBXBuildFile; fileRef = F7CEC1012144C44C00BAC9E2 /* LaunchScreen.storyboard */; };
		F7CEC1102144C44D00BAC9E2 /* MajorForumTests.m in Sources */ = {isa = PBXBuildFile; fileRef = F7CEC10F2144C44D00BAC9E2 /* MajorForumTests.m */; };
		F7CEC11B2144C44D00BAC9E2 /* MajorForumUITests.m in Sources */ = {isa = PBXBuildFile; fileRef = F7CEC11A2144C44D00BAC9E2 /* MajorForumUITests.m */; };
		F7CEC1312144C55300BAC9E2 /* Assets.xcassets in Resources */ = {isa = PBXBuildFile; fileRef = F7CEC12A2144C55300BAC9E2 /* Assets.xcassets */; };
		F7CEC1342144C55300BAC9E2 /* main.m in Sources */ = {isa = PBXBuildFile; fileRef = F7CEC12F2144C55300BAC9E2 /* main.m */; };
		F7CEC1352144C55300BAC9E2 /* AppDelegate.m in Sources */ = {isa = PBXBuildFile; fileRef = F7CEC1302144C55300BAC9E2 /* AppDelegate.m */; };
		F7CEC15C214538B300BAC9E2 /* JSMasterViewController.m in Sources */ = {isa = PBXBuildFile; fileRef = F7CEC13F214538B300BAC9E2 /* JSMasterViewController.m */; };
		F7CEC15D214538B300BAC9E2 /* JSDetailViewController.m in Sources */ = {isa = PBXBuildFile; fileRef = F7CEC142214538B300BAC9E2 /* JSDetailViewController.m */; };
		F7CEC15E214538B300BAC9E2 /* JSSplitController.m in Sources */ = {isa = PBXBuildFile; fileRef = F7CEC143214538B300BAC9E2 /* JSSplitController.m */; };
		F7CEC161214538B300BAC9E2 /* JSBaseNavigationController.m in Sources */ = {isa = PBXBuildFile; fileRef = F7CEC147214538B300BAC9E2 /* JSBaseNavigationController.m */; };
		F7CEC167214538B300BAC9E2 /* JSBaseViewController.m in Sources */ = {isa = PBXBuildFile; fileRef = F7CEC158214538B300BAC9E2 /* JSBaseViewController.m */; };
		F7CEC1702145492100BAC9E2 /* JSPhoneTabBarController.m in Sources */ = {isa = PBXBuildFile; fileRef = F7CEC16F2145492100BAC9E2 /* JSPhoneTabBarController.m */; };
/* End PBXBuildFile section */

/* Begin PBXContainerItemProxy section */
		F7CEC10C2144C44D00BAC9E2 /* PBXContainerItemProxy */ = {
			isa = PBXContainerItemProxy;
			containerPortal = F7CEC0EB2144C44B00BAC9E2 /* Project object */;
			proxyType = 1;
			remoteGlobalIDString = F7CEC0F22144C44B00BAC9E2;
			remoteInfo = MajorForum;
		};
		F7CEC1172144C44D00BAC9E2 /* PBXContainerItemProxy */ = {
			isa = PBXContainerItemProxy;
			containerPortal = F7CEC0EB2144C44B00BAC9E2 /* Project object */;
			proxyType = 1;
			remoteGlobalIDString = F7CEC0F22144C44B00BAC9E2;
			remoteInfo = MajorForum;
		};
/* End PBXContainerItemProxy section */

/* Begin PBXFileReference section */
		2F38730FCAFD524D983EB493 /* Pods-MajorForum.release.xcconfig */ = {isa = PBXFileReference; includeInIndex = 1; lastKnownFileType = text.xcconfig; name = "Pods-MajorForum.release.xcconfig"; path = "Pods/Target Support Files/Pods-MajorForum/Pods-MajorForum.release.xcconfig"; sourceTree = "<group>"; };
		4EBD13C8DE89C602A126EA27 /* Pods-MajorForum.debug.xcconfig */ = {isa = PBXFileReference; includeInIndex = 1; lastKnownFileType = text.xcconfig; name = "Pods-MajorForum.debug.xcconfig"; path = "Pods/Target Support Files/Pods-MajorForum/Pods-MajorForum.debug.xcconfig"; sourceTree = "<group>"; };
		63DF7F142A4F1F23C80CDEAD /* Pods-MajorForumUITests.release.xcconfig */ = {isa = PBXFileReference; includeInIndex = 1; lastKnownFileType = text.xcconfig; name = "Pods-MajorForumUITests.release.xcconfig"; path = "Pods/Target Support Files/Pods-MajorForumUITests/Pods-MajorForumUITests.release.xcconfig"; sourceTree = "<group>"; };
		6D5DB5CA9B1BFFC1383F25D7 /* libPods-MajorForumTests.a */ = {isa = PBXFileReference; explicitFileType = archive.ar; includeInIndex = 0; path = "libPods-MajorForumTests.a"; sourceTree = BUILT_PRODUCTS_DIR; };
		801C0D12F0A5BA37B3A0B97B /* Pods-MajorForumTests.release.xcconfig */ = {isa = PBXFileReference; includeInIndex = 1; lastKnownFileType = text.xcconfig; name = "Pods-MajorForumTests.release.xcconfig"; path = "Pods/Target Support Files/Pods-MajorForumTests/Pods-MajorForumTests.release.xcconfig"; sourceTree = "<group>"; };
		AA9C8272312EB180414C656F /* Pods-MajorForumUITests.debug.xcconfig */ = {isa = PBXFileReference; includeInIndex = 1; lastKnownFileType = text.xcconfig; name = "Pods-MajorForumUITests.debug.xcconfig"; path = "Pods/Target Support Files/Pods-MajorForumUITests/Pods-MajorForumUITests.debug.xcconfig"; sourceTree = "<group>"; };
		B3DBCB3A5EF54E2570D596DA /* libPods-MajorForum.a */ = {isa = PBXFileReference; explicitFileType = archive.ar; includeInIndex = 0; path = "libPods-MajorForum.a"; sourceTree = BUILT_PRODUCTS_DIR; };
		B56FAD1ACDF4701C8980852C /* Pods-MajorForumTests.debug.xcconfig */ = {isa = PBXFileReference; includeInIndex = 1; lastKnownFileType = text.xcconfig; name = "Pods-MajorForumTests.debug.xcconfig"; path = "Pods/Target Support Files/Pods-MajorForumTests/Pods-MajorForumTests.debug.xcconfig"; sourceTree = "<group>"; };
		F1707D2B9477983B3F8CC307 /* libPods-MajorForumUITests.a */ = {isa = PBXFileReference; explicitFileType = archive.ar; includeInIndex = 0; path = "libPods-MajorForumUITests.a"; sourceTree = BUILT_PRODUCTS_DIR; };
		F7CEC0F32144C44B00BAC9E2 /* MajorForum.app */ = {isa = PBXFileReference; explicitFileType = wrapper.application; includeInIndex = 0; path = MajorForum.app; sourceTree = BUILT_PRODUCTS_DIR; };
		F7CEC0FD2144C44B00BAC9E2 /* Base */ = {isa = PBXFileReference; lastKnownFileType = file.storyboard; name = Base; path = Base.lproj/Main.storyboard; sourceTree = "<group>"; };
		F7CEC1022144C44C00BAC9E2 /* Base */ = {isa = PBXFileReference; lastKnownFileType = file.storyboard; name = Base; path = Base.lproj/LaunchScreen.storyboard; sourceTree = "<group>"; };
		F7CEC1042144C44C00BAC9E2 /* Info.plist */ = {isa = PBXFileReference; lastKnownFileType = text.plist.xml; path = Info.plist; sourceTree = "<group>"; };
		F7CEC10B2144C44D00BAC9E2 /* MajorForumTests.xctest */ = {isa = PBXFileReference; explicitFileType = wrapper.cfbundle; includeInIndex = 0; path = MajorForumTests.xctest; sourceTree = BUILT_PRODUCTS_DIR; };
		F7CEC10F2144C44D00BAC9E2 /* MajorForumTests.m */ = {isa = PBXFileReference; lastKnownFileType = sourcecode.c.objc; path = MajorForumTests.m; sourceTree = "<group>"; };
		F7CEC1112144C44D00BAC9E2 /* Info.plist */ = {isa = PBXFileReference; lastKnownFileType = text.plist.xml; path = Info.plist; sourceTree = "<group>"; };
		F7CEC1162144C44D00BAC9E2 /* MajorForumUITests.xctest */ = {isa = PBXFileReference; explicitFileType = wrapper.cfbundle; includeInIndex = 0; path = MajorForumUITests.xctest; sourceTree = BUILT_PRODUCTS_DIR; };
		F7CEC11A2144C44D00BAC9E2 /* MajorForumUITests.m */ = {isa = PBXFileReference; lastKnownFileType = sourcecode.c.objc; path = MajorForumUITests.m; sourceTree = "<group>"; };
		F7CEC11C2144C44D00BAC9E2 /* Info.plist */ = {isa = PBXFileReference; lastKnownFileType = text.plist.xml; path = Info.plist; sourceTree = "<group>"; };
		F7CEC1292144C55300BAC9E2 /* AppDelegate.h */ = {isa = PBXFileReference; fileEncoding = 4; lastKnownFileType = sourcecode.c.h; path = AppDelegate.h; sourceTree = "<group>"; };
		F7CEC12A2144C55300BAC9E2 /* Assets.xcassets */ = {isa = PBXFileReference; lastKnownFileType = folder.assetcatalog; path = Assets.xcassets; sourceTree = "<group>"; };
		F7CEC12F2144C55300BAC9E2 /* main.m */ = {isa = PBXFileReference; fileEncoding = 4; lastKnownFileType = sourcecode.c.objc; path = main.m; sourceTree = "<group>"; };
		F7CEC1302144C55300BAC9E2 /* AppDelegate.m */ = {isa = PBXFileReference; fileEncoding = 4; lastKnownFileType = sourcecode.c.objc; path = AppDelegate.m; sourceTree = "<group>"; };
		F7CEC13A2144C60E00BAC9E2 /* PrefixHeader.pch */ = {isa = PBXFileReference; lastKnownFileType = sourcecode.c.h; path = PrefixHeader.pch; sourceTree = "<group>"; };
		F7CEC13E214538B300BAC9E2 /* JSDetailViewController.h */ = {isa = PBXFileReference; fileEncoding = 4; lastKnownFileType = sourcecode.c.h; path = JSDetailViewController.h; sourceTree = "<group>"; };
		F7CEC13F214538B300BAC9E2 /* JSMasterViewController.m */ = {isa = PBXFileReference; fileEncoding = 4; lastKnownFileType = sourcecode.c.objc; path = JSMasterViewController.m; sourceTree = "<group>"; };
		F7CEC140214538B300BAC9E2 /* JSSplitController.h */ = {isa = PBXFileReference; fileEncoding = 4; lastKnownFileType = sourcecode.c.h; path = JSSplitController.h; sourceTree = "<group>"; };
		F7CEC141214538B300BAC9E2 /* JSMasterViewController.h */ = {isa = PBXFileReference; fileEncoding = 4; lastKnownFileType = sourcecode.c.h; path = JSMasterViewController.h; sourceTree = "<group>"; };
		F7CEC142214538B300BAC9E2 /* JSDetailViewController.m */ = {isa = PBXFileReference; fileEncoding = 4; lastKnownFileType = sourcecode.c.objc; path = JSDetailViewController.m; sourceTree = "<group>"; };
		F7CEC143214538B300BAC9E2 /* JSSplitController.m */ = {isa = PBXFileReference; fileEncoding = 4; lastKnownFileType = sourcecode.c.objc; path = JSSplitController.m; sourceTree = "<group>"; };
		F7CEC147214538B300BAC9E2 /* JSBaseNavigationController.m */ = {isa = PBXFileReference; fileEncoding = 4; lastKnownFileType = sourcecode.c.objc; path = JSBaseNavigationController.m; sourceTree = "<group>"; };
		F7CEC151214538B300BAC9E2 /* JSBaseViewController.h */ = {isa = PBXFileReference; fileEncoding = 4; lastKnownFileType = sourcecode.c.h; path = JSBaseViewController.h; sourceTree = "<group>"; };
		F7CEC157214538B300BAC9E2 /* JSBaseNavigationController.h */ = {isa = PBXFileReference; fileEncoding = 4; lastKnownFileType = sourcecode.c.h; path = JSBaseNavigationController.h; sourceTree = "<group>"; };
		F7CEC158214538B300BAC9E2 /* JSBaseViewController.m */ = {isa = PBXFileReference; fileEncoding = 4; lastKnownFileType = sourcecode.c.objc; path = JSBaseViewController.m; sourceTree = "<group>"; };
		F7CEC16E2145492100BAC9E2 /* JSPhoneTabBarController.h */ = {isa = PBXFileReference; lastKnownFileType = sourcecode.c.h; path = JSPhoneTabBarController.h; sourceTree = "<group>"; };
		F7CEC16F2145492100BAC9E2 /* JSPhoneTabBarController.m */ = {isa = PBXFileReference; lastKnownFileType = sourcecode.c.objc; path = JSPhoneTabBarController.m; sourceTree = "<group>"; };
/* End PBXFileReference section */

/* Begin PBXFrameworksBuildPhase section */
		F7CEC0F02144C44B00BAC9E2 /* Frameworks */ = {
			isa = PBXFrameworksBuildPhase;
			buildActionMask = 2147483647;
			files = (
				D53C0C53928FBD7F57234B7A /* libPods-MajorForum.a in Frameworks */,
			);
			runOnlyForDeploymentPostprocessing = 0;
		};
		F7CEC1082144C44D00BAC9E2 /* Frameworks */ = {
			isa = PBXFrameworksBuildPhase;
			buildActionMask = 2147483647;
			files = (
				9E7CD9C221B4BF206B94CC38 /* libPods-MajorForumTests.a in Frameworks */,
			);
			runOnlyForDeploymentPostprocessing = 0;
		};
		F7CEC1132144C44D00BAC9E2 /* Frameworks */ = {
			isa = PBXFrameworksBuildPhase;
			buildActionMask = 2147483647;
			files = (
				A71417EF9029DF840F0129EA /* libPods-MajorForumUITests.a in Frameworks */,
			);
			runOnlyForDeploymentPostprocessing = 0;
		};
/* End PBXFrameworksBuildPhase section */

/* Begin PBXGroup section */
		48E1B94A9B83C8246950D586 /* Frameworks */ = {
			isa = PBXGroup;
			children = (
				B3DBCB3A5EF54E2570D596DA /* libPods-MajorForum.a */,
				6D5DB5CA9B1BFFC1383F25D7 /* libPods-MajorForumTests.a */,
				F1707D2B9477983B3F8CC307 /* libPods-MajorForumUITests.a */,
			);
			name = Frameworks;
			sourceTree = "<group>";
		};
		6225100020376A95BE157278 /* Pods */ = {
			isa = PBXGroup;
			children = (
				4EBD13C8DE89C602A126EA27 /* Pods-MajorForum.debug.xcconfig */,
				2F38730FCAFD524D983EB493 /* Pods-MajorForum.release.xcconfig */,
				B56FAD1ACDF4701C8980852C /* Pods-MajorForumTests.debug.xcconfig */,
				801C0D12F0A5BA37B3A0B97B /* Pods-MajorForumTests.release.xcconfig */,
				AA9C8272312EB180414C656F /* Pods-MajorForumUITests.debug.xcconfig */,
				63DF7F142A4F1F23C80CDEAD /* Pods-MajorForumUITests.release.xcconfig */,
			);
			name = Pods;
			sourceTree = "<group>";
		};
		F7CEC0EA2144C44B00BAC9E2 = {
			isa = PBXGroup;
			children = (
				F7CEC0F52144C44B00BAC9E2 /* MajorForum */,
				F7CEC10E2144C44D00BAC9E2 /* MajorForumTests */,
				F7CEC1192144C44D00BAC9E2 /* MajorForumUITests */,
				F7CEC0F42144C44B00BAC9E2 /* Products */,
				6225100020376A95BE157278 /* Pods */,
				48E1B94A9B83C8246950D586 /* Frameworks */,
			);
			sourceTree = "<group>";
		};
		F7CEC0F42144C44B00BAC9E2 /* Products */ = {
			isa = PBXGroup;
			children = (
				F7CEC0F32144C44B00BAC9E2 /* MajorForum.app */,
				F7CEC10B2144C44D00BAC9E2 /* MajorForumTests.xctest */,
				F7CEC1162144C44D00BAC9E2 /* MajorForumUITests.xctest */,
			);
			name = Products;
			sourceTree = "<group>";
		};
		F7CEC0F52144C44B00BAC9E2 /* MajorForum */ = {
			isa = PBXGroup;
			children = (
				F7CEC1362144C56100BAC9E2 /* 主框架 */,
				F7CEC16A2145465600BAC9E2 /* Controllers */,
				F7CEC16D2145468400BAC9E2 /* Views */,
				F7CEC16C2145467E00BAC9E2 /* Models */,
				F7CEC1282144C55300BAC9E2 /* SupportingFiles */,
			);
			path = MajorForum;
			sourceTree = "<group>";
		};
		F7CEC10E2144C44D00BAC9E2 /* MajorForumTests */ = {
			isa = PBXGroup;
			children = (
				F7CEC10F2144C44D00BAC9E2 /* MajorForumTests.m */,
				F7CEC1112144C44D00BAC9E2 /* Info.plist */,
			);
			path = MajorForumTests;
			sourceTree = "<group>";
		};
		F7CEC1192144C44D00BAC9E2 /* MajorForumUITests */ = {
			isa = PBXGroup;
			children = (
				F7CEC11A2144C44D00BAC9E2 /* MajorForumUITests.m */,
				F7CEC11C2144C44D00BAC9E2 /* Info.plist */,
			);
			path = MajorForumUITests;
			sourceTree = "<group>";
		};
		F7CEC1282144C55300BAC9E2 /* SupportingFiles */ = {
			isa = PBXGroup;
			children = (
				F7CEC1292144C55300BAC9E2 /* AppDelegate.h */,
				F7CEC1302144C55300BAC9E2 /* AppDelegate.m */,
				F7CEC13A2144C60E00BAC9E2 /* PrefixHeader.pch */,
				F7CEC0FC2144C44B00BAC9E2 /* Main.storyboard */,
				F7CEC1012144C44C00BAC9E2 /* LaunchScreen.storyboard */,
				F7CEC1042144C44C00BAC9E2 /* Info.plist */,
				F7CEC12A2144C55300BAC9E2 /* Assets.xcassets */,
				F7CEC12F2144C55300BAC9E2 /* main.m */,
			);
			path = SupportingFiles;
			sourceTree = "<group>";
		};
		F7CEC1362144C56100BAC9E2 /* 主框架 */ = {
			isa = PBXGroup;
			children = (
				F7CEC13B214538B300BAC9E2 /* Controllers */,
				F7CEC1382144C56100BAC9E2 /* Models */,
				F7CEC1392144C56100BAC9E2 /* Views */,
			);
			path = "主框架";
			sourceTree = "<group>";
		};
		F7CEC1382144C56100BAC9E2 /* Models */ = {
			isa = PBXGroup;
			children = (
			);
			path = Models;
			sourceTree = "<group>";
		};
		F7CEC1392144C56100BAC9E2 /* Views */ = {
			isa = PBXGroup;
			children = (
			);
			path = Views;
			sourceTree = "<group>";
		};
		F7CEC13B214538B300BAC9E2 /* Controllers */ = {
			isa = PBXGroup;
			children = (
				F7CEC13C214538B300BAC9E2 /* Main_universal */,
				F7CEC13D214538B300BAC9E2 /* Main_iPad */,
				F7CEC144214538B300BAC9E2 /* Main_iPhone */,
			);
			path = Controllers;
			sourceTree = "<group>";
		};
		F7CEC13C214538B300BAC9E2 /* Main_universal */ = {
			isa = PBXGroup;
			children = (
			);
			path = Main_universal;
			sourceTree = "<group>";
		};
		F7CEC13D214538B300BAC9E2 /* Main_iPad */ = {
			isa = PBXGroup;
			children = (
				F7CEC140214538B300BAC9E2 /* JSSplitController.h */,
				F7CEC143214538B300BAC9E2 /* JSSplitController.m */,
				F7CEC13E214538B300BAC9E2 /* JSDetailViewController.h */,
				F7CEC142214538B300BAC9E2 /* JSDetailViewController.m */,
				F7CEC141214538B300BAC9E2 /* JSMasterViewController.h */,
				F7CEC13F214538B300BAC9E2 /* JSMasterViewController.m */,
			);
			path = Main_iPad;
			sourceTree = "<group>";
		};
		F7CEC144214538B300BAC9E2 /* Main_iPhone */ = {
			isa = PBXGroup;
			children = (
				F7CEC151214538B300BAC9E2 /* JSBaseViewController.h */,
				F7CEC158214538B300BAC9E2 /* JSBaseViewController.m */,
				F7CEC157214538B300BAC9E2 /* JSBaseNavigationController.h */,
				F7CEC147214538B300BAC9E2 /* JSBaseNavigationController.m */,
				F7CEC16E2145492100BAC9E2 /* JSPhoneTabBarController.h */,
				F7CEC16F2145492100BAC9E2 /* JSPhoneTabBarController.m */,
			);
			path = Main_iPhone;
			sourceTree = "<group>";
		};
		F7CEC16A2145465600BAC9E2 /* Controllers */ = {
			isa = PBXGroup;
			children = (
			);
			path = Controllers;
			sourceTree = "<group>";
		};
		F7CEC16C2145467E00BAC9E2 /* Models */ = {
			isa = PBXGroup;
			children = (
			);
			path = Models;
			sourceTree = "<group>";
		};
		F7CEC16D2145468400BAC9E2 /* Views */ = {
			isa = PBXGroup;
			children = (
			);
			path = Views;
			sourceTree = "<group>";
		};
/* End PBXGroup section */

/* Begin PBXNativeTarget section */
		F7CEC0F22144C44B00BAC9E2 /* MajorForum */ = {
			isa = PBXNativeTarget;
			buildConfigurationList = F7CEC11F2144C44D00BAC9E2 /* Build configuration list for PBXNativeTarget "MajorForum" */;
			buildPhases = (
				E1E9CDA3296A317D2350FB2E /* [CP] Check Pods Manifest.lock */,
				F7CEC0EF2144C44B00BAC9E2 /* Sources */,
				F7CEC0F02144C44B00BAC9E2 /* Frameworks */,
				F7CEC0F12144C44B00BAC9E2 /* Resources */,
				0C6C8E8F9EF0A5F6F071A23D /* [CP] Embed Pods Frameworks */,
				700C4B3F67444379F4DD157D /* [CP] Copy Pods Resources */,
			);
			buildRules = (
			);
			dependencies = (
			);
			name = MajorForum;
			productName = MajorForum;
			productReference = F7CEC0F32144C44B00BAC9E2 /* MajorForum.app */;
			productType = "com.apple.product-type.application";
		};
		F7CEC10A2144C44D00BAC9E2 /* MajorForumTests */ = {
			isa = PBXNativeTarget;
			buildConfigurationList = F7CEC1222144C44D00BAC9E2 /* Build configuration list for PBXNativeTarget "MajorForumTests" */;
			buildPhases = (
				B89F860AD308CF69617A93AB /* [CP] Check Pods Manifest.lock */,
				F7CEC1072144C44D00BAC9E2 /* Sources */,
				F7CEC1082144C44D00BAC9E2 /* Frameworks */,
				F7CEC1092144C44D00BAC9E2 /* Resources */,
				0B95B10BAD6FF403491D1ECF /* [CP] Embed Pods Frameworks */,
				E1A9C2BCACE713E898973592 /* [CP] Copy Pods Resources */,
			);
			buildRules = (
			);
			dependencies = (
				F7CEC10D2144C44D00BAC9E2 /* PBXTargetDependency */,
			);
			name = MajorForumTests;
			productName = MajorForumTests;
			productReference = F7CEC10B2144C44D00BAC9E2 /* MajorForumTests.xctest */;
			productType = "com.apple.product-type.bundle.unit-test";
		};
		F7CEC1152144C44D00BAC9E2 /* MajorForumUITests */ = {
			isa = PBXNativeTarget;
			buildConfigurationList = F7CEC1252144C44D00BAC9E2 /* Build configuration list for PBXNativeTarget "MajorForumUITests" */;
			buildPhases = (
				4E3F1C226C4135CA16142CE0 /* [CP] Check Pods Manifest.lock */,
				F7CEC1122144C44D00BAC9E2 /* Sources */,
				F7CEC1132144C44D00BAC9E2 /* Frameworks */,
				F7CEC1142144C44D00BAC9E2 /* Resources */,
				A70997F619700CC467C662EC /* [CP] Embed Pods Frameworks */,
				64CA576BD2F6F18406136B3E /* [CP] Copy Pods Resources */,
			);
			buildRules = (
			);
			dependencies = (
				F7CEC1182144C44D00BAC9E2 /* PBXTargetDependency */,
			);
			name = MajorForumUITests;
			productName = MajorForumUITests;
			productReference = F7CEC1162144C44D00BAC9E2 /* MajorForumUITests.xctest */;
			productType = "com.apple.product-type.bundle.ui-testing";
		};
/* End PBXNativeTarget section */

/* Begin PBXProject section */
		F7CEC0EB2144C44B00BAC9E2 /* Project object */ = {
			isa = PBXProject;
			attributes = {
				LastUpgradeCheck = 0940;
				ORGANIZATIONNAME = ShenYj;
				TargetAttributes = {
					F7CEC0F22144C44B00BAC9E2 = {
						CreatedOnToolsVersion = 9.4.1;
					};
					F7CEC10A2144C44D00BAC9E2 = {
						CreatedOnToolsVersion = 9.4.1;
						TestTargetID = F7CEC0F22144C44B00BAC9E2;
					};
					F7CEC1152144C44D00BAC9E2 = {
						CreatedOnToolsVersion = 9.4.1;
						TestTargetID = F7CEC0F22144C44B00BAC9E2;
					};
				};
			};
			buildConfigurationList = F7CEC0EE2144C44B00BAC9E2 /* Build configuration list for PBXProject "MajorForum" */;
			compatibilityVersion = "Xcode 9.3";
			developmentRegion = en;
			hasScannedForEncodings = 0;
			knownRegions = (
				en,
				Base,
			);
			mainGroup = F7CEC0EA2144C44B00BAC9E2;
			productRefGroup = F7CEC0F42144C44B00BAC9E2 /* Products */;
			projectDirPath = "";
			projectRoot = "";
			targets = (
				F7CEC0F22144C44B00BAC9E2 /* MajorForum */,
				F7CEC10A2144C44D00BAC9E2 /* MajorForumTests */,
				F7CEC1152144C44D00BAC9E2 /* MajorForumUITests */,
			);
		};
/* End PBXProject section */

/* Begin PBXResourcesBuildPhase section */
		F7CEC0F12144C44B00BAC9E2 /* Resources */ = {
			isa = PBXResourcesBuildPhase;
			buildActionMask = 2147483647;
			files = (
				F7CEC1032144C44C00BAC9E2 /* LaunchScreen.storyboard in Resources */,
				F7CEC1312144C55300BAC9E2 /* Assets.xcassets in Resources */,
				F7CEC0FE2144C44B00BAC9E2 /* Main.storyboard in Resources */,
			);
			runOnlyForDeploymentPostprocessing = 0;
		};
		F7CEC1092144C44D00BAC9E2 /* Resources */ = {
			isa = PBXResourcesBuildPhase;
			buildActionMask = 2147483647;
			files = (
			);
			runOnlyForDeploymentPostprocessing = 0;
		};
		F7CEC1142144C44D00BAC9E2 /* Resources */ = {
			isa = PBXResourcesBuildPhase;
			buildActionMask = 2147483647;
			files = (
			);
			runOnlyForDeploymentPostprocessing = 0;
		};
/* End PBXResourcesBuildPhase section */

/* Begin PBXShellScriptBuildPhase section */
		0B95B10BAD6FF403491D1ECF /* [CP] Embed Pods Frameworks */ = {
			isa = PBXShellScriptBuildPhase;
			buildActionMask = 2147483647;
			files = (
			);
			inputPaths = (
			);
			name = "[CP] Embed Pods Frameworks";
			outputPaths = (
			);
			runOnlyForDeploymentPostprocessing = 0;
			shellPath = /bin/sh;
			shellScript = "\"${SRCROOT}/Pods/Target Support Files/Pods-MajorForumTests/Pods-MajorForumTests-frameworks.sh\"\n";
			showEnvVarsInLog = 0;
		};
		0C6C8E8F9EF0A5F6F071A23D /* [CP] Embed Pods Frameworks */ = {
			isa = PBXShellScriptBuildPhase;
			buildActionMask = 2147483647;
			files = (
			);
			inputPaths = (
			);
			name = "[CP] Embed Pods Frameworks";
			outputPaths = (
			);
			runOnlyForDeploymentPostprocessing = 0;
			shellPath = /bin/sh;
			shellScript = "\"${SRCROOT}/Pods/Target Support Files/Pods-MajorForum/Pods-MajorForum-frameworks.sh\"\n";
			showEnvVarsInLog = 0;
		};
		4E3F1C226C4135CA16142CE0 /* [CP] Check Pods Manifest.lock */ = {
			isa = PBXShellScriptBuildPhase;
			buildActionMask = 2147483647;
			files = (
			);
			inputPaths = (
				"${PODS_PODFILE_DIR_PATH}/Podfile.lock",
				"${PODS_ROOT}/Manifest.lock",
			);
			name = "[CP] Check Pods Manifest.lock";
			outputPaths = (
				"$(DERIVED_FILE_DIR)/Pods-MajorForumUITests-checkManifestLockResult.txt",
			);
			runOnlyForDeploymentPostprocessing = 0;
			shellPath = /bin/sh;
			shellScript = "diff \"${PODS_PODFILE_DIR_PATH}/Podfile.lock\" \"${PODS_ROOT}/Manifest.lock\" > /dev/null\nif [ $? != 0 ] ; then\n    # print error to STDERR\n    echo \"error: The sandbox is not in sync with the Podfile.lock. Run 'pod install' or update your CocoaPods installation.\" >&2\n    exit 1\nfi\n# This output is used by Xcode 'outputs' to avoid re-running this script phase.\necho \"SUCCESS\" > \"${SCRIPT_OUTPUT_FILE_0}\"\n";
			showEnvVarsInLog = 0;
		};
		64CA576BD2F6F18406136B3E /* [CP] Copy Pods Resources */ = {
			isa = PBXShellScriptBuildPhase;
			buildActionMask = 2147483647;
			files = (
			);
			inputPaths = (
			);
			name = "[CP] Copy Pods Resources";
			outputPaths = (
			);
			runOnlyForDeploymentPostprocessing = 0;
			shellPath = /bin/sh;
			shellScript = "\"${SRCROOT}/Pods/Target Support Files/Pods-MajorForumUITests/Pods-MajorForumUITests-resources.sh\"\n";
			showEnvVarsInLog = 0;
		};
		700C4B3F67444379F4DD157D /* [CP] Copy Pods Resources */ = {
			isa = PBXShellScriptBuildPhase;
			buildActionMask = 2147483647;
			files = (
			);
			inputPaths = (
				"${SRCROOT}/Pods/Target Support Files/Pods-MajorForum/Pods-MajorForum-resources.sh",
				"${PODS_ROOT}/MJRefresh/MJRefresh/MJRefresh.bundle",
			);
			name = "[CP] Copy Pods Resources";
			outputPaths = (
				"${TARGET_BUILD_DIR}/${UNLOCALIZED_RESOURCES_FOLDER_PATH}",
			);
			runOnlyForDeploymentPostprocessing = 0;
			shellPath = /bin/sh;
			shellScript = "\"${SRCROOT}/Pods/Target Support Files/Pods-MajorForum/Pods-MajorForum-resources.sh\"\n";
			showEnvVarsInLog = 0;
		};
		A70997F619700CC467C662EC /* [CP] Embed Pods Frameworks */ = {
			isa = PBXShellScriptBuildPhase;
			buildActionMask = 2147483647;
			files = (
			);
			inputPaths = (
			);
			name = "[CP] Embed Pods Frameworks";
			outputPaths = (
			);
			runOnlyForDeploymentPostprocessing = 0;
			shellPath = /bin/sh;
			shellScript = "\"${SRCROOT}/Pods/Target Support Files/Pods-MajorForumUITests/Pods-MajorForumUITests-frameworks.sh\"\n";
			showEnvVarsInLog = 0;
		};
		B89F860AD308CF69617A93AB /* [CP] Check Pods Manifest.lock */ = {
			isa = PBXShellScriptBuildPhase;
			buildActionMask = 2147483647;
			files = (
			);
			inputPaths = (
				"${PODS_PODFILE_DIR_PATH}/Podfile.lock",
				"${PODS_ROOT}/Manifest.lock",
			);
			name = "[CP] Check Pods Manifest.lock";
			outputPaths = (
				"$(DERIVED_FILE_DIR)/Pods-MajorForumTests-checkManifestLockResult.txt",
			);
			runOnlyForDeploymentPostprocessing = 0;
			shellPath = /bin/sh;
			shellScript = "diff \"${PODS_PODFILE_DIR_PATH}/Podfile.lock\" \"${PODS_ROOT}/Manifest.lock\" > /dev/null\nif [ $? != 0 ] ; then\n    # print error to STDERR\n    echo \"error: The sandbox is not in sync with the Podfile.lock. Run 'pod install' or update your CocoaPods installation.\" >&2\n    exit 1\nfi\n# This output is used by Xcode 'outputs' to avoid re-running this script phase.\necho \"SUCCESS\" > \"${SCRIPT_OUTPUT_FILE_0}\"\n";
			showEnvVarsInLog = 0;
		};
		E1A9C2BCACE713E898973592 /* [CP] Copy Pods Resources */ = {
			isa = PBXShellScriptBuildPhase;
			buildActionMask = 2147483647;
			files = (
			);
			inputPaths = (
			);
			name = "[CP] Copy Pods Resources";
			outputPaths = (
			);
			runOnlyForDeploymentPostprocessing = 0;
			shellPath = /bin/sh;
			shellScript = "\"${SRCROOT}/Pods/Target Support Files/Pods-MajorForumTests/Pods-MajorForumTests-resources.sh\"\n";
			showEnvVarsInLog = 0;
		};
		E1E9CDA3296A317D2350FB2E /* [CP] Check Pods Manifest.lock */ = {
			isa = PBXShellScriptBuildPhase;
			buildActionMask = 2147483647;
			files = (
			);
			inputPaths = (
				"${PODS_PODFILE_DIR_PATH}/Podfile.lock",
				"${PODS_ROOT}/Manifest.lock",
			);
			name = "[CP] Check Pods Manifest.lock";
			outputPaths = (
				"$(DERIVED_FILE_DIR)/Pods-MajorForum-checkManifestLockResult.txt",
			);
			runOnlyForDeploymentPostprocessing = 0;
			shellPath = /bin/sh;
			shellScript = "diff \"${PODS_PODFILE_DIR_PATH}/Podfile.lock\" \"${PODS_ROOT}/Manifest.lock\" > /dev/null\nif [ $? != 0 ] ; then\n    # print error to STDERR\n    echo \"error: The sandbox is not in sync with the Podfile.lock. Run 'pod install' or update your CocoaPods installation.\" >&2\n    exit 1\nfi\n# This output is used by Xcode 'outputs' to avoid re-running this script phase.\necho \"SUCCESS\" > \"${SCRIPT_OUTPUT_FILE_0}\"\n";
			showEnvVarsInLog = 0;
		};
/* End PBXShellScriptBuildPhase section */

/* Begin PBXSourcesBuildPhase section */
		F7CEC0EF2144C44B00BAC9E2 /* Sources */ = {
			isa = PBXSourcesBuildPhase;
			buildActionMask = 2147483647;
			files = (
				F7CEC1352144C55300BAC9E2 /* AppDelegate.m in Sources */,
				F7CEC15C214538B300BAC9E2 /* JSMasterViewController.m in Sources */,
				F7CEC167214538B300BAC9E2 /* JSBaseViewController.m in Sources */,
				F7CEC1702145492100BAC9E2 /* JSPhoneTabBarController.m in Sources */,
				F7CEC161214538B300BAC9E2 /* JSBaseNavigationController.m in Sources */,
				F7CEC15E214538B300BAC9E2 /* JSSplitController.m in Sources */,
				F7CEC15D214538B300BAC9E2 /* JSDetailViewController.m in Sources */,
				F7CEC1342144C55300BAC9E2 /* main.m in Sources */,
			);
			runOnlyForDeploymentPostprocessing = 0;
		};
		F7CEC1072144C44D00BAC9E2 /* Sources */ = {
			isa = PBXSourcesBuildPhase;
			buildActionMask = 2147483647;
			files = (
				F7CEC1102144C44D00BAC9E2 /* MajorForumTests.m in Sources */,
			);
			runOnlyForDeploymentPostprocessing = 0;
		};
		F7CEC1122144C44D00BAC9E2 /* Sources */ = {
			isa = PBXSourcesBuildPhase;
			buildActionMask = 2147483647;
			files = (
				F7CEC11B2144C44D00BAC9E2 /* MajorForumUITests.m in Sources */,
			);
			runOnlyForDeploymentPostprocessing = 0;
		};
/* End PBXSourcesBuildPhase section */

/* Begin PBXTargetDependency section */
		F7CEC10D2144C44D00BAC9E2 /* PBXTargetDependency */ = {
			isa = PBXTargetDependency;
			target = F7CEC0F22144C44B00BAC9E2 /* MajorForum */;
			targetProxy = F7CEC10C2144C44D00BAC9E2 /* PBXContainerItemProxy */;
		};
		F7CEC1182144C44D00BAC9E2 /* PBXTargetDependency */ = {
			isa = PBXTargetDependency;
			target = F7CEC0F22144C44B00BAC9E2 /* MajorForum */;
			targetProxy = F7CEC1172144C44D00BAC9E2 /* PBXContainerItemProxy */;
		};
/* End PBXTargetDependency section */

/* Begin PBXVariantGroup section */
		F7CEC0FC2144C44B00BAC9E2 /* Main.storyboard */ = {
			isa = PBXVariantGroup;
			children = (
				F7CEC0FD2144C44B00BAC9E2 /* Base */,
			);
			name = Main.storyboard;
			sourceTree = "<group>";
		};
		F7CEC1012144C44C00BAC9E2 /* LaunchScreen.storyboard */ = {
			isa = PBXVariantGroup;
			children = (
				F7CEC1022144C44C00BAC9E2 /* Base */,
			);
			name = LaunchScreen.storyboard;
			sourceTree = "<group>";
		};
/* End PBXVariantGroup section */

/* Begin XCBuildConfiguration section */
		F7CEC11D2144C44D00BAC9E2 /* Debug */ = {
			isa = XCBuildConfiguration;
			buildSettings = {
				ALWAYS_SEARCH_USER_PATHS = NO;
				CLANG_ANALYZER_NONNULL = YES;
				CLANG_ANALYZER_NUMBER_OBJECT_CONVERSION = YES_AGGRESSIVE;
				CLANG_CXX_LANGUAGE_STANDARD = "gnu++14";
				CLANG_CXX_LIBRARY = "libc++";
				CLANG_ENABLE_MODULES = YES;
				CLANG_ENABLE_OBJC_ARC = YES;
				CLANG_ENABLE_OBJC_WEAK = YES;
				CLANG_WARN_BLOCK_CAPTURE_AUTORELEASING = YES;
				CLANG_WARN_BOOL_CONVERSION = YES;
				CLANG_WARN_COMMA = YES;
				CLANG_WARN_CONSTANT_CONVERSION = YES;
				CLANG_WARN_DEPRECATED_OBJC_IMPLEMENTATIONS = YES;
				CLANG_WARN_DIRECT_OBJC_ISA_USAGE = YES_ERROR;
				CLANG_WARN_DOCUMENTATION_COMMENTS = YES;
				CLANG_WARN_EMPTY_BODY = YES;
				CLANG_WARN_ENUM_CONVERSION = YES;
				CLANG_WARN_INFINITE_RECURSION = YES;
				CLANG_WARN_INT_CONVERSION = YES;
				CLANG_WARN_NON_LITERAL_NULL_CONVERSION = YES;
				CLANG_WARN_OBJC_IMPLICIT_RETAIN_SELF = YES;
				CLANG_WARN_OBJC_LITERAL_CONVERSION = YES;
				CLANG_WARN_OBJC_ROOT_CLASS = YES_ERROR;
				CLANG_WARN_RANGE_LOOP_ANALYSIS = YES;
				CLANG_WARN_STRICT_PROTOTYPES = YES;
				CLANG_WARN_SUSPICIOUS_MOVE = YES;
				CLANG_WARN_UNGUARDED_AVAILABILITY = YES_AGGRESSIVE;
				CLANG_WARN_UNREACHABLE_CODE = YES;
				CLANG_WARN__DUPLICATE_METHOD_MATCH = YES;
				CODE_SIGN_IDENTITY = "iPhone Developer";
				COPY_PHASE_STRIP = NO;
				DEBUG_INFORMATION_FORMAT = dwarf;
				ENABLE_STRICT_OBJC_MSGSEND = YES;
				ENABLE_TESTABILITY = YES;
				GCC_C_LANGUAGE_STANDARD = gnu11;
				GCC_DYNAMIC_NO_PIC = NO;
				GCC_NO_COMMON_BLOCKS = YES;
				GCC_OPTIMIZATION_LEVEL = 0;
				GCC_PREPROCESSOR_DEFINITIONS = (
					"DEBUG=1",
					"$(inherited)",
				);
				GCC_WARN_64_TO_32_BIT_CONVERSION = YES;
				GCC_WARN_ABOUT_RETURN_TYPE = YES_ERROR;
				GCC_WARN_UNDECLARED_SELECTOR = YES;
				GCC_WARN_UNINITIALIZED_AUTOS = YES_AGGRESSIVE;
				GCC_WARN_UNUSED_FUNCTION = YES;
				GCC_WARN_UNUSED_VARIABLE = YES;
				IPHONEOS_DEPLOYMENT_TARGET = 11.4;
				MTL_ENABLE_DEBUG_INFO = YES;
				ONLY_ACTIVE_ARCH = YES;
				SDKROOT = iphoneos;
			};
			name = Debug;
		};
		F7CEC11E2144C44D00BAC9E2 /* Release */ = {
			isa = XCBuildConfiguration;
			buildSettings = {
				ALWAYS_SEARCH_USER_PATHS = NO;
				CLANG_ANALYZER_NONNULL = YES;
				CLANG_ANALYZER_NUMBER_OBJECT_CONVERSION = YES_AGGRESSIVE;
				CLANG_CXX_LANGUAGE_STANDARD = "gnu++14";
				CLANG_CXX_LIBRARY = "libc++";
				CLANG_ENABLE_MODULES = YES;
				CLANG_ENABLE_OBJC_ARC = YES;
				CLANG_ENABLE_OBJC_WEAK = YES;
				CLANG_WARN_BLOCK_CAPTURE_AUTORELEASING = YES;
				CLANG_WARN_BOOL_CONVERSION = YES;
				CLANG_WARN_COMMA = YES;
				CLANG_WARN_CONSTANT_CONVERSION = YES;
				CLANG_WARN_DEPRECATED_OBJC_IMPLEMENTATIONS = YES;
				CLANG_WARN_DIRECT_OBJC_ISA_USAGE = YES_ERROR;
				CLANG_WARN_DOCUMENTATION_COMMENTS = YES;
				CLANG_WARN_EMPTY_BODY = YES;
				CLANG_WARN_ENUM_CONVERSION = YES;
				CLANG_WARN_INFINITE_RECURSION = YES;
				CLANG_WARN_INT_CONVERSION = YES;
				CLANG_WARN_NON_LITERAL_NULL_CONVERSION = YES;
				CLANG_WARN_OBJC_IMPLICIT_RETAIN_SELF = YES;
				CLANG_WARN_OBJC_LITERAL_CONVERSION = YES;
				CLANG_WARN_OBJC_ROOT_CLASS = YES_ERROR;
				CLANG_WARN_RANGE_LOOP_ANALYSIS = YES;
				CLANG_WARN_STRICT_PROTOTYPES = YES;
				CLANG_WARN_SUSPICIOUS_MOVE = YES;
				CLANG_WARN_UNGUARDED_AVAILABILITY = YES_AGGRESSIVE;
				CLANG_WARN_UNREACHABLE_CODE = YES;
				CLANG_WARN__DUPLICATE_METHOD_MATCH = YES;
				CODE_SIGN_IDENTITY = "iPhone Developer";
				COPY_PHASE_STRIP = NO;
				DEBUG_INFORMATION_FORMAT = "dwarf-with-dsym";
				ENABLE_NS_ASSERTIONS = NO;
				ENABLE_STRICT_OBJC_MSGSEND = YES;
				GCC_C_LANGUAGE_STANDARD = gnu11;
				GCC_NO_COMMON_BLOCKS = YES;
				GCC_WARN_64_TO_32_BIT_CONVERSION = YES;
				GCC_WARN_ABOUT_RETURN_TYPE = YES_ERROR;
				GCC_WARN_UNDECLARED_SELECTOR = YES;
				GCC_WARN_UNINITIALIZED_AUTOS = YES_AGGRESSIVE;
				GCC_WARN_UNUSED_FUNCTION = YES;
				GCC_WARN_UNUSED_VARIABLE = YES;
				IPHONEOS_DEPLOYMENT_TARGET = 11.4;
				MTL_ENABLE_DEBUG_INFO = NO;
				SDKROOT = iphoneos;
				VALIDATE_PRODUCT = YES;
			};
			name = Release;
		};
		F7CEC1202144C44D00BAC9E2 /* Debug */ = {
			isa = XCBuildConfiguration;
			baseConfigurationReference = 4EBD13C8DE89C602A126EA27 /* Pods-MajorForum.debug.xcconfig */;
			buildSettings = {
				ASSETCATALOG_COMPILER_APPICON_NAME = AppIcon;
				CODE_SIGN_STYLE = Automatic;
				DEVELOPMENT_TEAM = KS5QTFAS57;
				GCC_PREFIX_HEADER = "$SRCROOT/$(PRODUCT_NAME)/SupportingFiles/PrefixHeader.pch";
				INFOPLIST_FILE = MajorForum/SupportingFiles/Info.plist;
				IPHONEOS_DEPLOYMENT_TARGET = 9.0;
				LD_RUNPATH_SEARCH_PATHS = (
					"$(inherited)",
					"@executable_path/Frameworks",
				);
				PRODUCT_BUNDLE_IDENTIFIER = cn.com.ShenYj.MajorForum;
				PRODUCT_NAME = "$(TARGET_NAME)";
				TARGETED_DEVICE_FAMILY = "1,2";
			};
			name = Debug;
		};
		F7CEC1212144C44D00BAC9E2 /* Release */ = {
			isa = XCBuildConfiguration;
			baseConfigurationReference = 2F38730FCAFD524D983EB493 /* Pods-MajorForum.release.xcconfig */;
			buildSettings = {
				ASSETCATALOG_COMPILER_APPICON_NAME = AppIcon;
				CODE_SIGN_STYLE = Automatic;
				DEVELOPMENT_TEAM = KS5QTFAS57;
				GCC_PREFIX_HEADER = "$SRCROOT/$(PRODUCT_NAME)/SupportingFiles/PrefixHeader.pch";
				INFOPLIST_FILE = MajorForum/SupportingFiles/Info.plist;
				IPHONEOS_DEPLOYMENT_TARGET = 9.0;
				LD_RUNPATH_SEARCH_PATHS = (
					"$(inherited)",
					"@executable_path/Frameworks",
				);
				PRODUCT_BUNDLE_IDENTIFIER = cn.com.ShenYj.MajorForum;
				PRODUCT_NAME = "$(TARGET_NAME)";
				TARGETED_DEVICE_FAMILY = "1,2";
			};
			name = Release;
		};
		F7CEC1232144C44D00BAC9E2 /* Debug */ = {
			isa = XCBuildConfiguration;
			baseConfigurationReference = B56FAD1ACDF4701C8980852C /* Pods-MajorForumTests.debug.xcconfig */;
			buildSettings = {
				BUNDLE_LOADER = "$(TEST_HOST)";
				CODE_SIGN_STYLE = Automatic;
				DEVELOPMENT_TEAM = KS5QTFAS57;
				INFOPLIST_FILE = MajorForumTests/Info.plist;
				LD_RUNPATH_SEARCH_PATHS = (
					"$(inherited)",
					"@executable_path/Frameworks",
					"@loader_path/Frameworks",
				);
				PRODUCT_BUNDLE_IDENTIFIER = cn.com.ShenYj.MajorForumTests;
				PRODUCT_NAME = "$(TARGET_NAME)";
				TARGETED_DEVICE_FAMILY = "1,2";
				TEST_HOST = "$(BUILT_PRODUCTS_DIR)/MajorForum.app/MajorForum";
			};
			name = Debug;
		};
		F7CEC1242144C44D00BAC9E2 /* Release */ = {
			isa = XCBuildConfiguration;
			baseConfigurationReference = 801C0D12F0A5BA37B3A0B97B /* Pods-MajorForumTests.release.xcconfig */;
			buildSettings = {
				BUNDLE_LOADER = "$(TEST_HOST)";
				CODE_SIGN_STYLE = Automatic;
				DEVELOPMENT_TEAM = KS5QTFAS57;
				INFOPLIST_FILE = MajorForumTests/Info.plist;
				LD_RUNPATH_SEARCH_PATHS = (
					"$(inherited)",
					"@executable_path/Frameworks",
					"@loader_path/Frameworks",
				);
				PRODUCT_BUNDLE_IDENTIFIER = cn.com.ShenYj.MajorForumTests;
				PRODUCT_NAME = "$(TARGET_NAME)";
				TARGETED_DEVICE_FAMILY = "1,2";
				TEST_HOST = "$(BUILT_PRODUCTS_DIR)/MajorForum.app/MajorForum";
			};
			name = Release;
		};
		F7CEC1262144C44D00BAC9E2 /* Debug */ = {
			isa = XCBuildConfiguration;
			baseConfigurationReference = AA9C8272312EB180414C656F /* Pods-MajorForumUITests.debug.xcconfig */;
			buildSettings = {
				CODE_SIGN_STYLE = Automatic;
				DEVELOPMENT_TEAM = KS5QTFAS57;
				INFOPLIST_FILE = MajorForumUITests/Info.plist;
				LD_RUNPATH_SEARCH_PATHS = (
					"$(inherited)",
					"@executable_path/Frameworks",
					"@loader_path/Frameworks",
				);
				PRODUCT_BUNDLE_IDENTIFIER = cn.com.ShenYj.MajorForumUITests;
				PRODUCT_NAME = "$(TARGET_NAME)";
				TARGETED_DEVICE_FAMILY = "1,2";
				TEST_TARGET_NAME = MajorForum;
			};
			name = Debug;
		};
		F7CEC1272144C44D00BAC9E2 /* Release */ = {
			isa = XCBuildConfiguration;
			baseConfigurationReference = 63DF7F142A4F1F23C80CDEAD /* Pods-MajorForumUITests.release.xcconfig */;
			buildSettings = {
				CODE_SIGN_STYLE = Automatic;
				DEVELOPMENT_TEAM = KS5QTFAS57;
				INFOPLIST_FILE = MajorForumUITests/Info.plist;
				LD_RUNPATH_SEARCH_PATHS = (
					"$(inherited)",
					"@executable_path/Frameworks",
					"@loader_path/Frameworks",
				);
				PRODUCT_BUNDLE_IDENTIFIER = cn.com.ShenYj.MajorForumUITests;
				PRODUCT_NAME = "$(TARGET_NAME)";
				TARGETED_DEVICE_FAMILY = "1,2";
				TEST_TARGET_NAME = MajorForum;
			};
			name = Release;
		};
/* End XCBuildConfiguration section */

/* Begin XCConfigurationList section */
		F7CEC0EE2144C44B00BAC9E2 /* Build configuration list for PBXProject "MajorForum" */ = {
			isa = XCConfigurationList;
			buildConfigurations = (
				F7CEC11D2144C44D00BAC9E2 /* Debug */,
				F7CEC11E2144C44D00BAC9E2 /* Release */,
			);
			defaultConfigurationIsVisible = 0;
			defaultConfigurationName = Release;
		};
		F7CEC11F2144C44D00BAC9E2 /* Build configuration list for PBXNativeTarget "MajorForum" */ = {
			isa = XCConfigurationList;
			buildConfigurations = (
				F7CEC1202144C44D00BAC9E2 /* Debug */,
				F7CEC1212144C44D00BAC9E2 /* Release */,
			);
			defaultConfigurationIsVisible = 0;
			defaultConfigurationName = Release;
		};
		F7CEC1222144C44D00BAC9E2 /* Build configuration list for PBXNativeTarget "MajorForumTests" */ = {
			isa = XCConfigurationList;
			buildConfigurations = (
				F7CEC1232144C44D00BAC9E2 /* Debug */,
				F7CEC1242144C44D00BAC9E2 /* Release */,
			);
			defaultConfigurationIsVisible = 0;
			defaultConfigurationName = Release;
		};
		F7CEC1252144C44D00BAC9E2 /* Build configuration list for PBXNativeTarget "MajorForumUITests" */ = {
			isa = XCConfigurationList;
			buildConfigurations = (
				F7CEC1262144C44D00BAC9E2 /* Debug */,
				F7CEC1272144C44D00BAC9E2 /* Release */,
			);
			defaultConfigurationIsVisible = 0;
			defaultConfigurationName = Release;
		};
/* End XCConfigurationList section */
	};
	rootObject = F7CEC0EB2144C44B00BAC9E2 /* Project object */;
}
